version = 1
revision = 3
requires-python = ">=3.14"

[[package]]
name = "5xwa0-assignment2"
version = "0.1.0"
source = { virtual = "." }
dependencies = [
    { name = "pyomo" },
]

[package.metadata]
requires-dist = [{ name = "pyomo", specifier = ">=6.10.0" }]

[[package]]
name = "pyomo"
version = "6.10.0"
source = { registry = "https://pypi.org/simple" }
sdist = { url = "https://files.pythonhosted.org/packages/df/be/6aa8022dec69bf837885a094b9bc8d452debcb455ab69b66ee27cc6563e3/pyomo-6.10.0.tar.gz", hash = "sha256:672fac375e57e121ca935adcc16a1cd118be8afa1a3e5608161fb86220c3a577", size = 3171562, upload-time = "2026-02-20T21:42:31.639Z" }
wheels = [
    { url = "https://files.pythonhosted.org/packages/2b/11/ebc9e817490a7992e950cca96b2671c2a490b08f9eb9e4fdc5091c6e77b8/pyomo-6.10.0-cp314-cp314-macosx_10_15_x86_64.whl", hash = "sha256:581dfe7e747c322177e64236cb3fee7fa015d7e6022f66b59394b927f0f29b0a", size = 4431213, upload-time = "2026-02-20T21:49:47.522Z" },
    { url = "https://files.pythonhosted.org/packages/93/54/f0705ba23eab3f2287e58c3cdd34b51b18e12bbd98dc96bf57defb0eb6cd/pyomo-6.10.0-cp314-cp314-macosx_11_0_arm64.whl", hash = "sha256:70ab5312b1aa8b95618c3766c3e3f7be3e4d730e41ce24eea1b59eb5831d6817", size = 4416909, upload-time = "2026-02-20T21:49:53.383Z" },
    { url = "https://files.pythonhosted.org/packages/3f/d8/57012015ead9c60815976d3aa8948f8a0bcc621ea643c0eb520b84147739/pyomo-6.10.0-cp314-cp314-manylinux_2_24_aarch64.manylinux_2_28_aarch64.whl", hash = "sha256:d7519673917e049ba0910fc8b19648ebf711ebec9c685c7c840d66d5471dcc0c", size = 4486590, upload-time = "2026-02-27T17:09:54.395Z" },
    { url = "https://files.pythonhosted.org/packages/52/48/8bdf61ee998f65e2e00d65778e2a4cfe41129953a6b0ba72e7a5f5cefdc6/pyomo-6.10.0-cp314-cp314-manylinux_2_24_x86_64.manylinux_2_28_x86_64.whl", hash = "sha256:505a1ea36f80125b878d8d0e34f3eb6af2cac3309523011caf1877d88fd16ecd", size = 4514075, upload-time = "2026-02-20T21:49:59.483Z" },
    { url = "https://files.pythonhosted.org/packages/73/17/62983f857eb592d5ede12f0f41ddbe5d1fa17c2796fb8c3db8ac7859e177/pyomo-6.10.0-cp314-cp314t-macosx_10_15_x86_64.whl", hash = "sha256:905a16f21e90b44d9a52e2aaa9884c467abf50a945d08b9ddb8db40d4d707dbc", size = 4452689, upload-time = "2026-02-20T21:50:05.288Z" },
    { url = "https://files.pythonhosted.org/packages/67/e3/502d561a64259274c046f705e2325189e84a77c624f043f34fbd2f14e793/pyomo-6.10.0-cp314-cp314t-macosx_11_0_arm64.whl", hash = "sha256:4859fb1a0f78ac0f5fad00199244d461d7bc100c8f76a61d696a1e1461d68bb0", size = 4439487, upload-time = "2026-02-20T21:50:11.116Z" },
    { url = "https://files.pythonhosted.org/packages/3b/89/89164dcf7549f1034b1f8646b4b3cf6e1ec09cb0d30dfaa3fce125fd95a4/pyomo-6.10.0-cp314-cp314t-manylinux_2_24_aarch64.manylinux_2_28_aarch64.whl", hash = "sha256:07d69ae184c8206a4064fc13fe6b48d4a5aac7f18cbf8f6bed30faf9d3762106", size = 4479850, upload-time = "2026-02-27T17:10:04.269Z" },
    { url = "https://files.pythonhosted.org/packages/65/bd/cb4535b0bb63a7bcc968464ab739f54d2f4d15fe7924547336f5bd299513/pyomo-6.10.0-cp314-cp314t-manylinux_2_24_x86_64.manylinux_2_28_x86_64.whl", hash = "sha256:0590505b282468c9fc2555ced544213227a0a466bbc667826a36cc922afec6d7", size = 4506738, upload-time = "2026-02-20T21:50:17.382Z" },
    { url = "https://files.pythonhosted.org/packages/88/1d/b5dad00739979353726059137a647acf031ef3af5557a9d227ca7b32481d/pyomo-6.10.0-py3-none-any.whl", hash = "sha256:3fc34402474f78c9144c735499c8dc6a0570948034f4c668d24727ec1b4671b1", size = 4052690, upload-time = "2026-02-27T17:10:13.653Z" },
]
